Microsoft Visual Studio Solution File, Format Version 11.00
# Visual Studio 2008

Project("{0DE989CD-7233-E56A-15F0-7DEC1DE388CF}") = "IBMC", "Assembly-CSharp.csproj", "{EBF2495B-E5F4-A93C-1D41-E1A1C67AD53D}"
EndProject
Global
	GlobalSection(SolutionConfigurationPlatforms) = preSolution
		Debug|Any CPU = Debug|Any CPU
		Release|Any CPU = Release|Any CPU
	EndGlobalSection
	GlobalSection(ProjectConfigurationPlatforms) = postSolution
		{EBF2495B-E5F4-A93C-1D41-E1A1C67AD53D}.Debug|Any CPU.ActiveCfg = Debug|Any CPU
		{EBF2495B-E5F4-A93C-1D41-E1A1C67AD53D}.Debug|Any CPU.Build.0 = Debug|Any CPU
		{EBF2495B-E5F4-A93C-1D41-E1A1C67AD53D}.Release|Any CPU.ActiveCfg = Release|Any CPU
		{EBF2495B-E5F4-A93C-1D41-E1A1C67AD53D}.Release|Any CPU.Build.0 = Release|Any CPU
	EndGlobalSection
	GlobalSection(SolutionProperties) = preSolution
		HideSolutionNode = FALSE
	EndGlobalSection
	GlobalSection(MonoDevelopProperties) = preSolution
		StartupItem = Assembly-CSharp.csproj
	EndGlobalSection
EndGlobal
